
Microsoft Visual Studio Solution File, Format Version 12.00
# Visual Studio Version 17
VisualStudioVersion = 17.8.34322.80
MinimumVisualStudioVersion = 10.0.40219.1
Project("{FAE04EC0-301F-11D3-BF4B-00C04F79EFBC}") = "RediSearch_webapi", "RediSearch_webapi.csproj", "{9B7AFF66-881B-4560-A9A3-A6DFAF9FDA5F}"
EndProject
Global
	GlobalSection(SolutionConfigurationPlatforms) = preSolution
		Debug|Any CPU = Debug|Any CPU
		Release|Any CPU = Release|Any CPU
	EndGlobalSection
	GlobalSection(ProjectConfigurationPlatforms) = postSolution
		{9B7AFF66-881B-4560-A9A3-A6DFAF9FDA5F}.Debug|Any CPU.ActiveCfg = Debug|Any CPU
		{9B7AFF66-881B-4560-A9A3-A6DFAF9FDA5F}.Debug|Any CPU.Build.0 = Debug|Any CPU
		{9B7AFF66-881B-4560-A9A3-A6DFAF9FDA5F}.Release|Any CPU.ActiveCfg = Release|Any CPU
		{9B7AFF66-881B-4560-A9A3-A6DFAF9FDA5F}.Release|Any CPU.Build.0 = Release|Any CPU
	EndGlobalSection
	GlobalSection(SolutionProperties) = preSolution
		HideSolutionNode = FALSE
	EndGlobalSection
	GlobalSection(ExtensibilityGlobals) = postSolution
		SolutionGuid = {CF9907A9-C957-4019-95D1-B97DE13E9D7F}
	EndGlobalSection
EndGlobal
